
Microsoft Visual Studio Solution File, Format Version 12.00
# Visual Studio Version 17
VisualStudioVersion = 17.8.34525.116
MinimumVisualStudioVersion = 10.0.40219.1
Project("{2150E333-8FDC-42A3-9474-1A3956D46DE8}") = "Src", "Src", "{C1E36564-A66C-40D6-B5B7-DFD0F560287C}"
EndProject
Project("{2150E333-8FDC-42A3-9474-1A3956D46DE8}") = "Sample", "Sample", "{5D433C38-1483-4453-B3B7-62232C5BF376}"
EndProject
Project("{2150E333-8FDC-42A3-9474-1A3956D46DE8}") = "Test", "Test", "{8D0F1A1F-67C3-4661-8E5E-DFAC44CC7A34}"
EndProject
Project("{2150E333-8FDC-42A3-9474-1A3956D46DE8}") = "1.Utilities", "1.Utilities", "{1AFEBFFB-2551-40C9-B651-7A45C34E43B2}"
EndProject
Project("{2150E333-8FDC-42A3-9474-1A3956D46DE8}") = "2.Core", "2.Core", "{3BD5CDEA-1CB6-479A-A0F3-5447B38E4FC6}"
EndProject
Project("{2150E333-8FDC-42A3-9474-1A3956D46DE8}") = "3.Infrastructure", "3.Infrastructure", "{0655D9C6-8F04-48B0-AC80-D7427D0C1DC5}"
EndProject
Project("{2150E333-8FDC-42A3-9474-1A3956D46DE8}") = "4.EndPoints", "4.EndPoints", "{500B2767-B6A5-4910-B555-28F1CF159B75}"
EndProject
Project("{2150E333-8FDC-42A3-9474-1A3956D46DE8}") = "1.Core", "1.Core", "{E2FB96EF-B70A-447D-889B-B3C4329C2A20}"
EndProject
Project("{2150E333-8FDC-42A3-9474-1A3956D46DE8}") = "2.Infrastructure", "2.Infrastructure", "{B26DD570-A1EF-4B8D-94C9-1FFF6781FE72}"
EndProject
Project("{2150E333-8FDC-42A3-9474-1A3956D46DE8}") = "3.EndPoints", "3.EndPoints", "{31248012-1444-4B9C-AE81-04D45B16BB77}"
EndProject
Project("{FAE04EC0-301F-11D3-BF4B-00C04F79EFBC}") = "Hesabdari.Utilities", "Src\1.Utilities\Hesabdari.Utilities\Hesabdari.Utilities.csproj", "{8A798CA2-9C7F-4E00-BBA0-526B52348AAE}"
EndProject
Project("{FAE04EC0-301F-11D3-BF4B-00C04F79EFBC}") = "Hesabdari.Core.Domain", "Src\2.Core\Hesabdari.Core.Domain\Hesabdari.Core.Domain.csproj", "{5AD0CB39-8539-46CF-A23B-9D80A29CF7A3}"
EndProject
Project("{FAE04EC0-301F-11D3-BF4B-00C04F79EFBC}") = "Hesabdari.Core.ApplicationService", "Src\2.Core\Hesabdari.Core.ApplicationService\Hesabdari.Core.ApplicationService.csproj", "{C1BE96CE-AEF3-4AE0-BC09-FBD050D7F130}"
EndProject
Project("{FAE04EC0-301F-11D3-BF4B-00C04F79EFBC}") = "Hesabdari.Core.Contracts", "Src\2.Core\Hesabdari.Core.Contracts\Hesabdari.Core.Contracts.csproj", "{7FA635F9-01BD-4A0C-AB7B-7982B43833F9}"
EndProject
Project("{2150E333-8FDC-42A3-9474-1A3956D46DE8}") = "Data", "Data", "{7258CFBF-F518-4C8F-8137-44385081D6DF}"
EndProject
Project("{2150E333-8FDC-42A3-9474-1A3956D46DE8}") = "Data", "Data", "{B87CA9E8-1603-4044-8CE8-2BF9F2A4AD1C}"
EndProject
Project("{FAE04EC0-301F-11D3-BF4B-00C04F79EFBC}") = "Hesabdari.Infrastructure.Data.SQLCommands", "Src\3.Infrastructure\Data\Hesabdari.Infrastructure.Data.SQLCommands\Hesabdari.Infrastructure.Data.SQLCommands.csproj", "{23BCBE6F-14FE-4677-B33E-C59F754E5B32}"
EndProject
Project("{FAE04EC0-301F-11D3-BF4B-00C04F79EFBC}") = "Hesabdari.Infrastructure.Data.SQLQueries", "Src\3.Infrastructure\Data\Hesabdari.Infrastructure.Data.SQLQueries\Hesabdari.Infrastructure.Data.SQLQueries.csproj", "{52887041-4B62-4CF7-9AA7-2563009CC9B9}"
EndProject
Project("{FAE04EC0-301F-11D3-BF4B-00C04F79EFBC}") = "Hesabdari.Infrastructure.Data.SQL", "Src\3.Infrastructure\Data\Hesabdari.Infrastructure.Data.SQL\Hesabdari.Infrastructure.Data.SQL.csproj", "{D0FC96E3-7D1E-409B-8B9A-B201DF3A885E}"
EndProject
Project("{FAE04EC0-301F-11D3-BF4B-00C04F79EFBC}") = "Hesabdari.EndPoints.Api", "Src\4.EndPoints\Hesabdari.EndPoints.Api\Hesabdari.EndPoints.Api.csproj", "{CFE69C10-B05B-478D-87EA-2A201A6ECD24}"
EndProject
Project("{FAE04EC0-301F-11D3-BF4B-00C04F79EFBC}") = "Hesabdari.Sample.Core.Domain", "Sample\1.Core\Hesabdari.Sample.Core.Domain\Hesabdari.Sample.Core.Domain.csproj", "{916E9A46-2045-44CC-A704-1FE249B7D963}"
EndProject
Project("{FAE04EC0-301F-11D3-BF4B-00C04F79EFBC}") = "Hesabdari.Sample.Core.Contracts", "Sample\1.Core\Hesabdari.Sample.Core.Contracts\Hesabdari.Sample.Core.Contracts.csproj", "{F1223255-82AC-4BC7-AA11-4F702B66FE53}"
EndProject
Project("{FAE04EC0-301F-11D3-BF4B-00C04F79EFBC}") = "Hesabdari.Sample.Core.ApplicationServices", "Sample\1.Core\Hesabdari.Sample.Core.ApplicationServices\Hesabdari.Sample.Core.ApplicationServices.csproj", "{8910733F-0D3F-4D08-B8AB-00B9234F37C3}"
EndProject
Project("{FAE04EC0-301F-11D3-BF4B-00C04F79EFBC}") = "Hesabdari.Sample.Infrastructure.Data.SQLCommands", "Sample\2.Infrastructure\Data\Hesabdari.Sample.Infrastructure.Data.SQLCommands\Hesabdari.Sample.Infrastructure.Data.SQLCommands.csproj", "{1D374203-4289-45DE-9AB7-90105714A08A}"
EndProject
Project("{FAE04EC0-301F-11D3-BF4B-00C04F79EFBC}") = "Hesabdari.Sample.Infrastructure.Data.SQLQueries", "Sample\2.Infrastructure\Data\Hesabdari.Sample.Infrastructure.Data.SQLQueries\Hesabdari.Sample.Infrastructure.Data.SQLQueries.csproj", "{8DE6A806-8DC0-48EB-88FB-EBB63A26B1E2}"
EndProject
Project("{FAE04EC0-301F-11D3-BF4B-00C04F79EFBC}") = "Hesabdari.Sample.EndPoints.Api", "Sample\3.EndPoints\Hesabdari.Sample.EndPoints.Api\Hesabdari.Sample.EndPoints.Api.csproj", "{D5362DE1-C15D-4999-9E74-6AC969BCEDAE}"
EndProject
Project("{FAE04EC0-301F-11D3-BF4B-00C04F79EFBC}") = "Hesabdari.Core.Toolkits", "Src\2.Core\Hesabdari.Core.Toolkits\Hesabdari.Core.Toolkits.csproj", "{07771BCA-65CD-4F4F-B737-03E9FA81ED3C}"
EndProject
Global
	GlobalSection(SolutionConfigurationPlatforms) = preSolution
		Debug|Any CPU = Debug|Any CPU
		Release|Any CPU = Release|Any CPU
	EndGlobalSection
	GlobalSection(ProjectConfigurationPlatforms) = postSolution
		{8A798CA2-9C7F-4E00-BBA0-526B52348AAE}.Debug|Any CPU.ActiveCfg = Debug|Any CPU
		{8A798CA2-9C7F-4E00-BBA0-526B52348AAE}.Debug|Any CPU.Build.0 = Debug|Any CPU
		{8A798CA2-9C7F-4E00-BBA0-526B52348AAE}.Release|Any CPU.ActiveCfg = Release|Any CPU
		{8A798CA2-9C7F-4E00-BBA0-526B52348AAE}.Release|Any CPU.Build.0 = Release|Any CPU
		{5AD0CB39-8539-46CF-A23B-9D80A29CF7A3}.Debug|Any CPU.ActiveCfg = Debug|Any CPU
		{5AD0CB39-8539-46CF-A23B-9D80A29CF7A3}.Debug|Any CPU.Build.0 = Debug|Any CPU
		{5AD0CB39-8539-46CF-A23B-9D80A29CF7A3}.Release|Any CPU.ActiveCfg = Release|Any CPU
		{5AD0CB39-8539-46CF-A23B-9D80A29CF7A3}.Release|Any CPU.Build.0 = Release|Any CPU
		{C1BE96CE-AEF3-4AE0-BC09-FBD050D7F130}.Debug|Any CPU.ActiveCfg = Debug|Any CPU
		{C1BE96CE-AEF3-4AE0-BC09-FBD050D7F130}.Debug|Any CPU.Build.0 = Debug|Any CPU
		{C1BE96CE-AEF3-4AE0-BC09-FBD050D7F130}.Release|Any CPU.ActiveCfg = Release|Any CPU
		{C1BE96CE-AEF3-4AE0-BC09-FBD050D7F130}.Release|Any CPU.Build.0 = Release|Any CPU
		{7FA635F9-01BD-4A0C-AB7B-7982B43833F9}.Debug|Any CPU.ActiveCfg = Debug|Any CPU
		{7FA635F9-01BD-4A0C-AB7B-7982B43833F9}.Debug|Any CPU.Build.0 = Debug|Any CPU
		{7FA635F9-01BD-4A0C-AB7B-7982B43833F9}.Release|Any CPU.ActiveCfg = Release|Any CPU
		{7FA635F9-01BD-4A0C-AB7B-7982B43833F9}.Release|Any CPU.Build.0 = Release|Any CPU
		{23BCBE6F-14FE-4677-B33E-C59F754E5B32}.Debug|Any CPU.ActiveCfg = Debug|Any CPU
		{23BCBE6F-14FE-4677-B33E-C59F754E5B32}.Debug|Any CPU.Build.0 = Debug|Any CPU
		{23BCBE6F-14FE-4677-B33E-C59F754E5B32}.Release|Any CPU.ActiveCfg = Release|Any CPU
		{23BCBE6F-14FE-4677-B33E-C59F754E5B32}.Release|Any CPU.Build.0 = Release|Any CPU
		{52887041-4B62-4CF7-9AA7-2563009CC9B9}.Debug|Any CPU.ActiveCfg = Debug|Any CPU
		{52887041-4B62-4CF7-9AA7-2563009CC9B9}.Debug|Any CPU.Build.0 = Debug|Any CPU
		{52887041-4B62-4CF7-9AA7-2563009CC9B9}.Release|Any CPU.ActiveCfg = Release|Any CPU
		{52887041-4B62-4CF7-9AA7-2563009CC9B9}.Release|Any CPU.Build.0 = Release|Any CPU
		{D0FC96E3-7D1E-409B-8B9A-B201DF3A885E}.Debug|Any CPU.ActiveCfg = Debug|Any CPU
		{D0FC96E3-7D1E-409B-8B9A-B201DF3A885E}.Debug|Any CPU.Build.0 = Debug|Any CPU
		{D0FC96E3-7D1E-409B-8B9A-B201DF3A885E}.Release|Any CPU.ActiveCfg = Release|Any CPU
		{D0FC96E3-7D1E-409B-8B9A-B201DF3A885E}.Release|Any CPU.Build.0 = Release|Any CPU
		{CFE69C10-B05B-478D-87EA-2A201A6ECD24}.Debug|Any CPU.ActiveCfg = Debug|Any CPU
		{CFE69C10-B05B-478D-87EA-2A201A6ECD24}.Debug|Any CPU.Build.0 = Debug|Any CPU
		{CFE69C10-B05B-478D-87EA-2A201A6ECD24}.Release|Any CPU.ActiveCfg = Release|Any CPU
		{CFE69C10-B05B-478D-87EA-2A201A6ECD24}.Release|Any CPU.Build.0 = Release|Any CPU
		{916E9A46-2045-44CC-A704-1FE249B7D963}.Debug|Any CPU.ActiveCfg = Debug|Any CPU
		{916E9A46-2045-44CC-A704-1FE249B7D963}.Debug|Any CPU.Build.0 = Debug|Any CPU
		{916E9A46-2045-44CC-A704-1FE249B7D963}.Release|Any CPU.ActiveCfg = Release|Any CPU
		{916E9A46-2045-44CC-A704-1FE249B7D963}.Release|Any CPU.Build.0 = Release|Any CPU
		{F1223255-82AC-4BC7-AA11-4F702B66FE53}.Debug|Any CPU.ActiveCfg = Debug|Any CPU
		{F1223255-82AC-4BC7-AA11-4F702B66FE53}.Debug|Any CPU.Build.0 = Debug|Any CPU
		{F1223255-82AC-4BC7-AA11-4F702B66FE53}.Release|Any CPU.ActiveCfg = Release|Any CPU
		{F1223255-82AC-4BC7-AA11-4F702B66FE53}.Release|Any CPU.Build.0 = Release|Any CPU
		{8910733F-0D3F-4D08-B8AB-00B9234F37C3}.Debug|Any CPU.ActiveCfg = Debug|Any CPU
		{8910733F-0D3F-4D08-B8AB-00B9234F37C3}.Debug|Any CPU.Build.0 = Debug|Any CPU
		{8910733F-0D3F-4D08-B8AB-00B9234F37C3}.Release|Any CPU.ActiveCfg = Release|Any CPU
		{8910733F-0D3F-4D08-B8AB-00B9234F37C3}.Release|Any CPU.Build.0 = Release|Any CPU
		{1D374203-4289-45DE-9AB7-90105714A08A}.Debug|Any CPU.ActiveCfg = Debug|Any CPU
		{1D374203-4289-45DE-9AB7-90105714A08A}.Debug|Any CPU.Build.0 = Debug|Any CPU
		{1D374203-4289-45DE-9AB7-90105714A08A}.Release|Any CPU.ActiveCfg = Release|Any CPU
		{1D374203-4289-45DE-9AB7-90105714A08A}.Release|Any CPU.Build.0 = Release|Any CPU
		{8DE6A806-8DC0-48EB-88FB-EBB63A26B1E2}.Debug|Any CPU.ActiveCfg = Debug|Any CPU
		{8DE6A806-8DC0-48EB-88FB-EBB63A26B1E2}.Debug|Any CPU.Build.0 = Debug|Any CPU
		{8DE6A806-8DC0-48EB-88FB-EBB63A26B1E2}.Release|Any CPU.ActiveCfg = Release|Any CPU
		{8DE6A806-8DC0-48EB-88FB-EBB63A26B1E2}.Release|Any CPU.Build.0 = Release|Any CPU
		{D5362DE1-C15D-4999-9E74-6AC969BCEDAE}.Debug|Any CPU.ActiveCfg = Debug|Any CPU
		{D5362DE1-C15D-4999-9E74-6AC969BCEDAE}.Debug|Any CPU.Build.0 = Debug|Any CPU
		{D5362DE1-C15D-4999-9E74-6AC969BCEDAE}.Release|Any CPU.ActiveCfg = Release|Any CPU
		{D5362DE1-C15D-4999-9E74-6AC969BCEDAE}.Release|Any CPU.Build.0 = Release|Any CPU
		{07771BCA-65CD-4F4F-B737-03E9FA81ED3C}.Debug|Any CPU.ActiveCfg = Debug|Any CPU
		{07771BCA-65CD-4F4F-B737-03E9FA81ED3C}.Debug|Any CPU.Build.0 = Debug|Any CPU
		{07771BCA-65CD-4F4F-B737-03E9FA81ED3C}.Release|Any CPU.ActiveCfg = Release|Any CPU
		{07771BCA-65CD-4F4F-B737-03E9FA81ED3C}.Release|Any CPU.Build.0 = Release|Any CPU
	EndGlobalSection
	GlobalSection(SolutionProperties) = preSolution
		HideSolutionNode = FALSE
	EndGlobalSection
	GlobalSection(NestedProjects) = preSolution
		{1AFEBFFB-2551-40C9-B651-7A45C34E43B2} = {C1E36564-A66C-40D6-B5B7-DFD0F560287C}
		{3BD5CDEA-1CB6-479A-A0F3-5447B38E4FC6} = {C1E36564-A66C-40D6-B5B7-DFD0F560287C}
		{0655D9C6-8F04-48B0-AC80-D7427D0C1DC5} = {C1E36564-A66C-40D6-B5B7-DFD0F560287C}
		{500B2767-B6A5-4910-B555-28F1CF159B75} = {C1E36564-A66C-40D6-B5B7-DFD0F560287C}
		{E2FB96EF-B70A-447D-889B-B3C4329C2A20} = {5D433C38-1483-4453-B3B7-62232C5BF376}
		{B26DD570-A1EF-4B8D-94C9-1FFF6781FE72} = {5D433C38-1483-4453-B3B7-62232C5BF376}
		{31248012-1444-4B9C-AE81-04D45B16BB77} = {5D433C38-1483-4453-B3B7-62232C5BF376}
		{8A798CA2-9C7F-4E00-BBA0-526B52348AAE} = {1AFEBFFB-2551-40C9-B651-7A45C34E43B2}
		{5AD0CB39-8539-46CF-A23B-9D80A29CF7A3} = {3BD5CDEA-1CB6-479A-A0F3-5447B38E4FC6}
		{C1BE96CE-AEF3-4AE0-BC09-FBD050D7F130} = {3BD5CDEA-1CB6-479A-A0F3-5447B38E4FC6}
		{7FA635F9-01BD-4A0C-AB7B-7982B43833F9} = {3BD5CDEA-1CB6-479A-A0F3-5447B38E4FC6}
		{7258CFBF-F518-4C8F-8137-44385081D6DF} = {0655D9C6-8F04-48B0-AC80-D7427D0C1DC5}
		{B87CA9E8-1603-4044-8CE8-2BF9F2A4AD1C} = {B26DD570-A1EF-4B8D-94C9-1FFF6781FE72}
		{23BCBE6F-14FE-4677-B33E-C59F754E5B32} = {7258CFBF-F518-4C8F-8137-44385081D6DF}
		{52887041-4B62-4CF7-9AA7-2563009CC9B9} = {7258CFBF-F518-4C8F-8137-44385081D6DF}
		{D0FC96E3-7D1E-409B-8B9A-B201DF3A885E} = {7258CFBF-F518-4C8F-8137-44385081D6DF}
		{CFE69C10-B05B-478D-87EA-2A201A6ECD24} = {500B2767-B6A5-4910-B555-28F1CF159B75}
		{916E9A46-2045-44CC-A704-1FE249B7D963} = {E2FB96EF-B70A-447D-889B-B3C4329C2A20}
		{F1223255-82AC-4BC7-AA11-4F702B66FE53} = {E2FB96EF-B70A-447D-889B-B3C4329C2A20}
		{8910733F-0D3F-4D08-B8AB-00B9234F37C3} = {E2FB96EF-B70A-447D-889B-B3C4329C2A20}
		{1D374203-4289-45DE-9AB7-90105714A08A} = {B87CA9E8-1603-4044-8CE8-2BF9F2A4AD1C}
		{8DE6A806-8DC0-48EB-88FB-EBB63A26B1E2} = {B87CA9E8-1603-4044-8CE8-2BF9F2A4AD1C}
		{D5362DE1-C15D-4999-9E74-6AC969BCEDAE} = {31248012-1444-4B9C-AE81-04D45B16BB77}
		{07771BCA-65CD-4F4F-B737-03E9FA81ED3C} = {3BD5CDEA-1CB6-479A-A0F3-5447B38E4FC6}
	EndGlobalSection
	GlobalSection(ExtensibilityGlobals) = postSolution
		SolutionGuid = {7615B157-9596-464E-847D-56A3860FCA9D}
	EndGlobalSection
EndGlobal
